// !$*UTF8*$!
{
	archiveVersion = 1;
	classes = {
	};
	objectVersion = 50;
	objects = {

/* Begin PBXBuildFile section */
		6363A4CB289EC00300DA2356 /* AppDelegate.swift in Sources */ = {isa = PBXBuildFile; fileRef = 6363A4CA289EC00300DA2356 /* AppDelegate.swift */; };
		6363A4CF289EC00300DA2356 /* HomeScreenViewController.swift in Sources */ = {isa = PBXBuildFile; fileRef = 6363A4CE289EC00300DA2356 /* HomeScreenViewController.swift */; };
		6363A4D2289EC00300DA2356 /* Main.storyboard in Resources */ = {isa = PBXBuildFile; fileRef = 6363A4D0289EC00300DA2356 /* Main.storyboard */; };
		6363A4D5289EC00300DA2356 /* Simple.xcdatamodeld in Sources */ = {isa = PBXBuildFile; fileRef = 6363A4D3289EC00300DA2356 /* Simple.xcdatamodeld */; };
		6363A4D7289EC00400DA2356 /* Assets.xcassets in Resources */ = {isa = PBXBuildFile; fileRef = 6363A4D6289EC00400DA2356 /* Assets.xcassets */; };
		6363A4DA289EC00400DA2356 /* LaunchScreen.storyboard in Resources */ = {isa = PBXBuildFile; fileRef = 6363A4D8289EC00400DA2356 /* LaunchScreen.storyboard */; };
		6363A4E5289EC00400DA2356 /* LevelUpTests.swift in Sources */ = {isa = PBXBuildFile; fileRef = 6363A4E4289EC00400DA2356 /* LevelUpTests.swift */; };
		6363A4F0289EC00400DA2356 /* SimpleUITests.swift in Sources */ = {isa = PBXBuildFile; fileRef = 6363A4EF289EC00400DA2356 /* SimpleUITests.swift */; };
		6363A4FF289F0E4300DA2356 /* AppCoordinator.swift in Sources */ = {isa = PBXBuildFile; fileRef = 6363A4FE289F0E4300DA2356 /* AppCoordinator.swift */; };
		6363A50128A0586600DA2356 /* HomeScreenViewModel.swift in Sources */ = {isa = PBXBuildFile; fileRef = 6363A50028A0586600DA2356 /* HomeScreenViewModel.swift */; };
		9119C570297AFF1F00CC5AD5 /* Coins.swift in Sources */ = {isa = PBXBuildFile; fileRef = 9119C56F297AFF1F00CC5AD5 /* Coins.swift */; };
		9119C572297B011100CC5AD5 /* Item.swift in Sources */ = {isa = PBXBuildFile; fileRef = 9119C571297B011100CC5AD5 /* Item.swift */; };
		9119C575297D8B1A00CC5AD5 /* CreateSkillViewController.swift in Sources */ = {isa = PBXBuildFile; fileRef = 9119C574297D8B1A00CC5AD5 /* CreateSkillViewController.swift */; };
		9119C577297D8B3D00CC5AD5 /* CreateSkillViewModel.swift in Sources */ = {isa = PBXBuildFile; fileRef = 9119C576297D8B3D00CC5AD5 /* CreateSkillViewModel.swift */; };
		9119C579297EABE800CC5AD5 /* LevelUpSkill.swift in Sources */ = {isa = PBXBuildFile; fileRef = 9119C578297EABE800CC5AD5 /* LevelUpSkill.swift */; };
		9119C57B297EBCF900CC5AD5 /* CoreDataSystem.swift in Sources */ = {isa = PBXBuildFile; fileRef = 9119C57A297EBCF900CC5AD5 /* CoreDataSystem.swift */; };
		9119C57E297EDF8B00CC5AD5 /* GlobalLevelUpSystem.swift in Sources */ = {isa = PBXBuildFile; fileRef = 9119C57D297EDF8A00CC5AD5 /* GlobalLevelUpSystem.swift */; };
		9119C58029817D8800CC5AD5 /* NotificationManager.swift in Sources */ = {isa = PBXBuildFile; fileRef = 9119C57F29817D8800CC5AD5 /* NotificationManager.swift */; };
		9119C5822981846200CC5AD5 /* TimerSystem.swift in Sources */ = {isa = PBXBuildFile; fileRef = 9119C5812981846200CC5AD5 /* TimerSystem.swift */; };
		9119C58429818F1A00CC5AD5 /* AlerView.swift in Sources */ = {isa = PBXBuildFile; fileRef = 9119C58329818F1A00CC5AD5 /* AlerView.swift */; };
		911EFB32297AF192004E40B2 /* ShopScreenViewController.swift in Sources */ = {isa = PBXBuildFile; fileRef = 911EFB31297AF192004E40B2 /* ShopScreenViewController.swift */; };
		911EFB34297AF1A1004E40B2 /* ShopViewModel.swift in Sources */ = {isa = PBXBuildFile; fileRef = 911EFB33297AF1A1004E40B2 /* ShopViewModel.swift */; };
		9131FEEE29707A3F00DF140F /* HomeScreenViewControllerTests.swift in Sources */ = {isa = PBXBuildFile; fileRef = 9131FEED29707A3F00DF140F /* HomeScreenViewControllerTests.swift */; };
		9131FEF12971A19C00DF140F /* Fireworks.mp3 in Resources */ = {isa = PBXBuildFile; fileRef = 9131FEF02971A19C00DF140F /* Fireworks.mp3 */; };
		9131FEF42971A3A900DF140F /* success.mp3 in Resources */ = {isa = PBXBuildFile; fileRef = 9131FEF22971A3A900DF140F /* success.mp3 */; };
		9131FEF52971A3A900DF140F /* fanfare.mp3 in Resources */ = {isa = PBXBuildFile; fileRef = 9131FEF32971A3A900DF140F /* fanfare.mp3 */; };
		9131FEF82975B6AF00DF140F /* FireworkAnimation.swift in Sources */ = {isa = PBXBuildFile; fileRef = 9131FEF72975B6AF00DF140F /* FireworkAnimation.swift */; };
		9141118D28B3EA0B00D3E26A /* UIColorHexer.swift in Sources */ = {isa = PBXBuildFile; fileRef = 9141118C28B3EA0B00D3E26A /* UIColorHexer.swift */; };
		9153CDC329896E7700DBC473 /* StatisticsViewController.swift in Sources */ = {isa = PBXBuildFile; fileRef = 9153CDC229896E7700DBC473 /* StatisticsViewController.swift */; };
		9153CDC529896EFA00DBC473 /* StatisticsViewModel.swift in Sources */ = {isa = PBXBuildFile; fileRef = 9153CDC429896EFA00DBC473 /* StatisticsViewModel.swift */; };
		915641EE2976AEAE00684385 /* Updator.swift in Sources */ = {isa = PBXBuildFile; fileRef = 915641ED2976AEAE00684385 /* Updator.swift */; };
		9165491328B90AE10088D307 /* ColorPainter.swift in Sources */ = {isa = PBXBuildFile; fileRef = 9165491228B90AE10088D307 /* ColorPainter.swift */; };
		9165491628B915070088D307 /* TaskCell.swift in Sources */ = {isa = PBXBuildFile; fileRef = 9165491528B915070088D307 /* TaskCell.swift */; };
		9193FC9528E86B3F00D651E9 /* LevelUp.swift in Sources */ = {isa = PBXBuildFile; fileRef = 9193FC9428E86B3F00D651E9 /* LevelUp.swift */; };
		91A9EA22298978AD00591307 /* StatisticsTests.swift in Sources */ = {isa = PBXBuildFile; fileRef = 91A9EA21298978AD00591307 /* StatisticsTests.swift */; };
		91AF1E112979BD1C00D90A15 /* Gradient.swift in Sources */ = {isa = PBXBuildFile; fileRef = 91AF1E102979BD1C00D90A15 /* Gradient.swift */; };
		91BC9CFE28A3AC4300E6EE26 /* AddGoalViewController.swift in Sources */ = {isa = PBXBuildFile; fileRef = 91BC9CFD28A3AC4300E6EE26 /* AddGoalViewController.swift */; };
		91BC9D0028A3B51A00E6EE26 /* AddGoalViewModel.swift in Sources */ = {isa = PBXBuildFile; fileRef = 91BC9CFF28A3B51A00E6EE26 /* AddGoalViewModel.swift */; };
		91CD70F228A1AB160040BC2E /* Info.plist in Resources */ = {isa = PBXBuildFile; fileRef = 91FF10B128A1AA22006339AC /* Info.plist */; };
		91D4ABC7297AA91200424531 /* RoudedButton.swift in Sources */ = {isa = PBXBuildFile; fileRef = 91D4ABC6297AA91200424531 /* RoudedButton.swift */; };
		91D4ABC9297AA95F00424531 /* RoudedView.swift in Sources */ = {isa = PBXBuildFile; fileRef = 91D4ABC8297AA95F00424531 /* RoudedView.swift */; };
		91D4ABCC297AB81B00424531 /* SkillPoints.swift in Sources */ = {isa = PBXBuildFile; fileRef = 91D4ABCB297AB81B00424531 /* SkillPoints.swift */; };
		91D4ABCF297ABD4100424531 /* SkillTreeViewController.swift in Sources */ = {isa = PBXBuildFile; fileRef = 91D4ABCE297ABD4100424531 /* SkillTreeViewController.swift */; };
		91D4ABD1297ABD6F00424531 /* SkillTreeViewModel.swift in Sources */ = {isa = PBXBuildFile; fileRef = 91D4ABD0297ABD6F00424531 /* SkillTreeViewModel.swift */; };
		91D4ABD3297AC28A00424531 /* Skills.swift in Sources */ = {isa = PBXBuildFile; fileRef = 91D4ABD2297AC28A00424531 /* Skills.swift */; };
		91D4ABD5297AD77E00424531 /* SkillCell.swift in Sources */ = {isa = PBXBuildFile; fileRef = 91D4ABD4297AD77E00424531 /* SkillCell.swift */; };
		91E28BC429781B1C00AFD046 /* AvailableTasks.swift in Sources */ = {isa = PBXBuildFile; fileRef = 91E28BC329781B1C00AFD046 /* AvailableTasks.swift */; };
		91FF10AB28A1A15F006339AC /* CoordinatorProtocol.swift in Sources */ = {isa = PBXBuildFile; fileRef = 91FF10AA28A1A15F006339AC /* CoordinatorProtocol.swift */; };
/* End PBXBuildFile section */

/* Begin PBXContainerItemProxy section */
		6363A4E1289EC00400DA2356 /* PBXContainerItemProxy */ = {
			isa = PBXContainerItemProxy;
			containerPortal = 6363A4BF289EC00300DA2356 /* Project object */;
			proxyType = 1;
			remoteGlobalIDString = 6363A4C6289EC00300DA2356;
			remoteInfo = Simple;
		};
		6363A4EC289EC00400DA2356 /* PBXContainerItemProxy */ = {
			isa = PBXContainerItemProxy;
			containerPortal = 6363A4BF289EC00300DA2356 /* Project object */;
			proxyType = 1;
			remoteGlobalIDString = 6363A4C6289EC00300DA2356;
			remoteInfo = Simple;
		};
/* End PBXContainerItemProxy section */

/* Begin PBXFileReference section */
		6363A4C7289EC00300DA2356 /* Simple.app */ = {isa = PBXFileReference; explicitFileType = wrapper.application; includeInIndex = 0; path = Simple.app; sourceTree = BUILT_PRODUCTS_DIR; };
		6363A4CA289EC00300DA2356 /* AppDelegate.swift */ = {isa = PBXFileReference; lastKnownFileType = sourcecode.swift; path = AppDelegate.swift; sourceTree = "<group>"; };
		6363A4CE289EC00300DA2356 /* HomeScreenViewController.swift */ = {isa = PBXFileReference; lastKnownFileType = sourcecode.swift; path = HomeScreenViewController.swift; sourceTree = "<group>"; };
		6363A4D1289EC00300DA2356 /* Base */ = {isa = PBXFileReference; lastKnownFileType = file.storyboard; name = Base; path = Base.lproj/Main.storyboard; sourceTree = "<group>"; };
		6363A4D4289EC00300DA2356 /* Simple.xcdatamodel */ = {isa = PBXFileReference; lastKnownFileType = wrapper.xcdatamodel; path = Simple.xcdatamodel; sourceTree = "<group>"; };
		6363A4D6289EC00400DA2356 /* Assets.xcassets */ = {isa = PBXFileReference; lastKnownFileType = folder.assetcatalog; path = Assets.xcassets; sourceTree = "<group>"; };
		6363A4D9289EC00400DA2356 /* Base */ = {isa = PBXFileReference; lastKnownFileType = file.storyboard; name = Base; path = Base.lproj/LaunchScreen.storyboard; sourceTree = "<group>"; };
		6363A4E0289EC00400DA2356 /* SimpleTests.xctest */ = {isa = PBXFileReference; explicitFileType = wrapper.cfbundle; includeInIndex = 0; path = SimpleTests.xctest; sourceTree = BUILT_PRODUCTS_DIR; };
		6363A4E4289EC00400DA2356 /* LevelUpTests.swift */ = {isa = PBXFileReference; lastKnownFileType = sourcecode.swift; path = LevelUpTests.swift; sourceTree = "<group>"; };
		6363A4E6289EC00400DA2356 /* Info.plist */ = {isa = PBXFileReference; lastKnownFileType = text.plist.xml; path = Info.plist; sourceTree = "<group>"; };
		6363A4EB289EC00400DA2356 /* SimpleUITests.xctest */ = {isa = PBXFileReference; explicitFileType = wrapper.cfbundle; includeInIndex = 0; path = SimpleUITests.xctest; sourceTree = BUILT_PRODUCTS_DIR; };
		6363A4EF289EC00400DA2356 /* SimpleUITests.swift */ = {isa = PBXFileReference; lastKnownFileType = sourcecode.swift; path = SimpleUITests.swift; sourceTree = "<group>"; };
		6363A4F1289EC00400DA2356 /* Info.plist */ = {isa = PBXFileReference; lastKnownFileType = text.plist.xml; path = Info.plist; sourceTree = "<group>"; };
		6363A4FE289F0E4300DA2356 /* AppCoordinator.swift */ = {isa = PBXFileReference; lastKnownFileType = sourcecode.swift; path = AppCoordinator.swift; sourceTree = "<group>"; };
		6363A50028A0586600DA2356 /* HomeScreenViewModel.swift */ = {isa = PBXFileReference; lastKnownFileType = sourcecode.swift; path = HomeScreenViewModel.swift; sourceTree = "<group>"; };
		9119C56F297AFF1F00CC5AD5 /* Coins.swift */ = {isa = PBXFileReference; lastKnownFileType = sourcecode.swift; path = Coins.swift; sourceTree = "<group>"; };
		9119C571297B011100CC5AD5 /* Item.swift */ = {isa = PBXFileReference; lastKnownFileType = sourcecode.swift; path = Item.swift; sourceTree = "<group>"; };
		9119C574297D8B1A00CC5AD5 /* CreateSkillViewController.swift */ = {isa = PBXFileReference; lastKnownFileType = sourcecode.swift; path = CreateSkillViewController.swift; sourceTree = "<group>"; };
		9119C576297D8B3D00CC5AD5 /* CreateSkillViewModel.swift */ = {isa = PBXFileReference; lastKnownFileType = sourcecode.swift; path = CreateSkillViewModel.swift; sourceTree = "<group>"; };
		9119C578297EABE800CC5AD5 /* LevelUpSkill.swift */ = {isa = PBXFileReference; lastKnownFileType = sourcecode.swift; path = LevelUpSkill.swift; sourceTree = "<group>"; };
		9119C57A297EBCF900CC5AD5 /* CoreDataSystem.swift */ = {isa = PBXFileReference; lastKnownFileType = sourcecode.swift; path = CoreDataSystem.swift; sourceTree = "<group>"; };
		9119C57D297EDF8A00CC5AD5 /* GlobalLevelUpSystem.swift */ = {isa = PBXFileReference; lastKnownFileType = sourcecode.swift; path = GlobalLevelUpSystem.swift; sourceTree = "<group>"; };
		9119C57F29817D8800CC5AD5 /* NotificationManager.swift */ = {isa = PBXFileReference; lastKnownFileType = sourcecode.swift; path = NotificationManager.swift; sourceTree = "<group>"; };
		9119C5812981846200CC5AD5 /* TimerSystem.swift */ = {isa = PBXFileReference; lastKnownFileType = sourcecode.swift; path = TimerSystem.swift; sourceTree = "<group>"; };
		9119C58329818F1A00CC5AD5 /* AlerView.swift */ = {isa = PBXFileReference; lastKnownFileType = sourcecode.swift; path = AlerView.swift; sourceTree = "<group>"; };
		911EFB31297AF192004E40B2 /* ShopScreenViewController.swift */ = {isa = PBXFileReference; lastKnownFileType = sourcecode.swift; path = ShopScreenViewController.swift; sourceTree = "<group>"; };
		911EFB33297AF1A1004E40B2 /* ShopViewModel.swift */ = {isa = PBXFileReference; lastKnownFileType = sourcecode.swift; path = ShopViewModel.swift; sourceTree = "<group>"; };
		9131FEED29707A3F00DF140F /* HomeScreenViewControllerTests.swift */ = {isa = PBXFileReference; lastKnownFileType = sourcecode.swift; path = HomeScreenViewControllerTests.swift; sourceTree = "<group>"; };
		9131FEF02971A19C00DF140F /* Fireworks.mp3 */ = {isa = PBXFileReference; lastKnownFileType = audio.mp3; name = Fireworks.mp3; path = ../../../../../Downloads/Fireworks.mp3; sourceTree = "<group>"; };
		9131FEF22971A3A900DF140F /* success.mp3 */ = {isa = PBXFileReference; lastKnownFileType = audio.mp3; name = success.mp3; path = ../../../../../Downloads/success.mp3; sourceTree = "<group>"; };
		9131FEF32971A3A900DF140F /* fanfare.mp3 */ = {isa = PBXFileReference; lastKnownFileType = audio.mp3; name = fanfare.mp3; path = ../../../../../Downloads/fanfare.mp3; sourceTree = "<group>"; };
		9131FEF72975B6AF00DF140F /* FireworkAnimation.swift */ = {isa = PBXFileReference; lastKnownFileType = sourcecode.swift; path = FireworkAnimation.swift; sourceTree = "<group>"; };
		9141118C28B3EA0B00D3E26A /* UIColorHexer.swift */ = {isa = PBXFileReference; lastKnownFileType = sourcecode.swift; path = UIColorHexer.swift; sourceTree = "<group>"; };
		9153CDC229896E7700DBC473 /* StatisticsViewController.swift */ = {isa = PBXFileReference; lastKnownFileType = sourcecode.swift; path = StatisticsViewController.swift; sourceTree = "<group>"; };
		9153CDC429896EFA00DBC473 /* StatisticsViewModel.swift */ = {isa = PBXFileReference; lastKnownFileType = sourcecode.swift; path = StatisticsViewModel.swift; sourceTree = "<group>"; };
		915641ED2976AEAE00684385 /* Updator.swift */ = {isa = PBXFileReference; lastKnownFileType = sourcecode.swift; path = Updator.swift; sourceTree = "<group>"; };
		9165491228B90AE10088D307 /* ColorPainter.swift */ = {isa = PBXFileReference; lastKnownFileType = sourcecode.swift; path = ColorPainter.swift; sourceTree = "<group>"; };
		9165491528B915070088D307 /* TaskCell.swift */ = {isa = PBXFileReference; lastKnownFileType = sourcecode.swift; path = TaskCell.swift; sourceTree = "<group>"; };
		9193FC9428E86B3F00D651E9 /* LevelUp.swift */ = {isa = PBXFileReference; lastKnownFileType = sourcecode.swift; path = LevelUp.swift; sourceTree = "<group>"; };
		91A9EA21298978AD00591307 /* StatisticsTests.swift */ = {isa = PBXFileReference; lastKnownFileType = sourcecode.swift; path = StatisticsTests.swift; sourceTree = "<group>"; };
		91AF1E102979BD1C00D90A15 /* Gradient.swift */ = {isa = PBXFileReference; lastKnownFileType = sourcecode.swift; path = Gradient.swift; sourceTree = "<group>"; };
		91BC9CFD28A3AC4300E6EE26 /* AddGoalViewController.swift */ = {isa = PBXFileReference; lastKnownFileType = sourcecode.swift; path = AddGoalViewController.swift; sourceTree = "<group>"; };
		91BC9CFF28A3B51A00E6EE26 /* AddGoalViewModel.swift */ = {isa = PBXFileReference; lastKnownFileType = sourcecode.swift; path = AddGoalViewModel.swift; sourceTree = "<group>"; };
		91D4ABC6297AA91200424531 /* RoudedButton.swift */ = {isa = PBXFileReference; lastKnownFileType = sourcecode.swift; path = RoudedButton.swift; sourceTree = "<group>"; };
		91D4ABC8297AA95F00424531 /* RoudedView.swift */ = {isa = PBXFileReference; lastKnownFileType = sourcecode.swift; path = RoudedView.swift; sourceTree = "<group>"; };
		91D4ABCB297AB81B00424531 /* SkillPoints.swift */ = {isa = PBXFileReference; lastKnownFileType = sourcecode.swift; path = SkillPoints.swift; sourceTree = "<group>"; };
		91D4ABCE297ABD4100424531 /* SkillTreeViewController.swift */ = {isa = PBXFileReference; lastKnownFileType = sourcecode.swift; path = SkillTreeViewController.swift; sourceTree = "<group>"; };
		91D4ABD0297ABD6F00424531 /* SkillTreeViewModel.swift */ = {isa = PBXFileReference; lastKnownFileType = sourcecode.swift; path = SkillTreeViewModel.swift; sourceTree = "<group>"; };
		91D4ABD2297AC28A00424531 /* Skills.swift */ = {isa = PBXFileReference; lastKnownFileType = sourcecode.swift; path = Skills.swift; sourceTree = "<group>"; };
		91D4ABD4297AD77E00424531 /* SkillCell.swift */ = {isa = PBXFileReference; lastKnownFileType = sourcecode.swift; path = SkillCell.swift; sourceTree = "<group>"; };
		91E28BC329781B1C00AFD046 /* AvailableTasks.swift */ = {isa = PBXFileReference; lastKnownFileType = sourcecode.swift; path = AvailableTasks.swift; sourceTree = "<group>"; };
		91FF10AA28A1A15F006339AC /* CoordinatorProtocol.swift */ = {isa = PBXFileReference; lastKnownFileType = sourcecode.swift; path = CoordinatorProtocol.swift; sourceTree = "<group>"; };
		91FF10B028A1AA22006339AC /* Base */ = {isa = PBXFileReference; lastKnownFileType = text.plist.xml; name = Base; path = Base.lproj/Info.plist; sourceTree = "<group>"; };
/* End PBXFileReference section */

/* Begin PBXFrameworksBuildPhase section */
		6363A4C4289EC00300DA2356 /* Frameworks */ = {
			isa = PBXFrameworksBuildPhase;
			buildActionMask = 2147483647;
			files = (
			);
			runOnlyForDeploymentPostprocessing = 0;
		};
		6363A4DD289EC00400DA2356 /* Frameworks */ = {
			isa = PBXFrameworksBuildPhase;
			buildActionMask = 2147483647;
			files = (
			);
			runOnlyForDeploymentPostprocessing = 0;
		};
		6363A4E8289EC00400DA2356 /* Frameworks */ = {
			isa = PBXFrameworksBuildPhase;
			buildActionMask = 2147483647;
			files = (
			);
			runOnlyForDeploymentPostprocessing = 0;
		};
/* End PBXFrameworksBuildPhase section */

/* Begin PBXGroup section */
		6363A4BE289EC00300DA2356 = {
			isa = PBXGroup;
			children = (
				6363A4C9289EC00300DA2356 /* Simple */,
				6363A4E3289EC00400DA2356 /* SimpleTests */,
				6363A4EE289EC00400DA2356 /* SimpleUITests */,
				6363A4C8289EC00300DA2356 /* Products */,
			);
			sourceTree = "<group>";
		};
		6363A4C8289EC00300DA2356 /* Products */ = {
			isa = PBXGroup;
			children = (
				6363A4C7289EC00300DA2356 /* Simple.app */,
				6363A4E0289EC00400DA2356 /* SimpleTests.xctest */,
				6363A4EB289EC00400DA2356 /* SimpleUITests.xctest */,
			);
			name = Products;
			sourceTree = "<group>";
		};
		6363A4C9289EC00300DA2356 /* Simple */ = {
			isa = PBXGroup;
			children = (
				9131FEEF2971A18000DF140F /* Sounds */,
				91BC9D0128A3B53F00E6EE26 /* Helpers */,
				91FF10AD28A1A1C0006339AC /* Assets */,
				91FF10AC28A1A197006339AC /* Storyboards */,
				91FF10A728A1A0F8006339AC /* Features */,
				6363A4FD289F0E2A00DA2356 /* Coordinator */,
				91FF10A928A1A135006339AC /* Delegates */,
				9165490F28B90A6A0088D307 /* DataStructures */,
				91FF10AE28A1A1CD006339AC /* Plist */,
				91FF10AF28A1A1DF006339AC /* CoreData */,
			);
			path = Simple;
			sourceTree = "<group>";
		};
		6363A4E3289EC00400DA2356 /* SimpleTests */ = {
			isa = PBXGroup;
			children = (
				6363A4E4289EC00400DA2356 /* LevelUpTests.swift */,
				9131FEED29707A3F00DF140F /* HomeScreenViewControllerTests.swift */,
				6363A4E6289EC00400DA2356 /* Info.plist */,
				91A9EA21298978AD00591307 /* StatisticsTests.swift */,
			);
			path = SimpleTests;
			sourceTree = "<group>";
		};
		6363A4EE289EC00400DA2356 /* SimpleUITests */ = {
			isa = PBXGroup;
			children = (
				6363A4EF289EC00400DA2356 /* SimpleUITests.swift */,
				6363A4F1289EC00400DA2356 /* Info.plist */,
			);
			path = SimpleUITests;
			sourceTree = "<group>";
		};
		6363A4FD289F0E2A00DA2356 /* Coordinator */ = {
			isa = PBXGroup;
			children = (
				6363A4FE289F0E4300DA2356 /* AppCoordinator.swift */,
				91FF10AA28A1A15F006339AC /* CoordinatorProtocol.swift */,
			);
			path = Coordinator;
			sourceTree = "<group>";
		};
		9119C573297D8B0200CC5AD5 /* CreateSkillScreen */ = {
			isa = PBXGroup;
			children = (
				9119C574297D8B1A00CC5AD5 /* CreateSkillViewController.swift */,
				9119C576297D8B3D00CC5AD5 /* CreateSkillViewModel.swift */,
			);
			path = CreateSkillScreen;
			sourceTree = "<group>";
		};
		9119C57C297EBD0000CC5AD5 /* CoreDataSystems */ = {
			isa = PBXGroup;
			children = (
				9119C57A297EBCF900CC5AD5 /* CoreDataSystem.swift */,
			);
			path = CoreDataSystems;
			sourceTree = "<group>";
		};
		911EFB30297AF17E004E40B2 /* ShopScreen */ = {
			isa = PBXGroup;
			children = (
				911EFB31297AF192004E40B2 /* ShopScreenViewController.swift */,
				911EFB33297AF1A1004E40B2 /* ShopViewModel.swift */,
			);
			path = ShopScreen;
			sourceTree = "<group>";
		};
		9131FEEF2971A18000DF140F /* Sounds */ = {
			isa = PBXGroup;
			children = (
				9131FEF02971A19C00DF140F /* Fireworks.mp3 */,
				9131FEF22971A3A900DF140F /* success.mp3 */,
				9131FEF32971A3A900DF140F /* fanfare.mp3 */,
			);
			path = Sounds;
			sourceTree = "<group>";
		};
		9131FEF62975B69000DF140F /* AnimationsSystem */ = {
			isa = PBXGroup;
			children = (
				9131FEF72975B6AF00DF140F /* FireworkAnimation.swift */,
			);
			path = AnimationsSystem;
			sourceTree = "<group>";
		};
		9153CDC129896E5900DBC473 /* StatisticsScreen */ = {
			isa = PBXGroup;
			children = (
				9153CDC229896E7700DBC473 /* StatisticsViewController.swift */,
				9153CDC429896EFA00DBC473 /* StatisticsViewModel.swift */,
			);
			path = StatisticsScreen;
			sourceTree = "<group>";
		};
		9165490F28B90A6A0088D307 /* DataStructures */ = {
			isa = PBXGroup;
			children = (
			);
			path = DataStructures;
			sourceTree = "<group>";
		};
		9165491428B90DBE0088D307 /* Cells */ = {
			isa = PBXGroup;
			children = (
				9165491528B915070088D307 /* TaskCell.swift */,
			);
			path = Cells;
			sourceTree = "<group>";
		};
		9193FC9328E86B2C00D651E9 /* LevelUpSystem */ = {
			isa = PBXGroup;
			children = (
				9193FC9428E86B3F00D651E9 /* LevelUp.swift */,
				91E28BC329781B1C00AFD046 /* AvailableTasks.swift */,
				91D4ABCB297AB81B00424531 /* SkillPoints.swift */,
				91D4ABD2297AC28A00424531 /* Skills.swift */,
				9119C56F297AFF1F00CC5AD5 /* Coins.swift */,
				9119C571297B011100CC5AD5 /* Item.swift */,
				9119C578297EABE800CC5AD5 /* LevelUpSkill.swift */,
				9119C57D297EDF8A00CC5AD5 /* GlobalLevelUpSystem.swift */,
				9119C5812981846200CC5AD5 /* TimerSystem.swift */,
			);
			path = LevelUpSystem;
			sourceTree = "<group>";
		};
		91AF1E0F2979A72F00D90A15 /* LaunchScreen */ = {
			isa = PBXGroup;
			children = (
				6363A4D8289EC00400DA2356 /* LaunchScreen.storyboard */,
			);
			path = LaunchScreen;
			sourceTree = "<group>";
		};
		91BC9CFC28A3AC2800E6EE26 /* AddGoalScreen */ = {
			isa = PBXGroup;
			children = (
				91BC9CFD28A3AC4300E6EE26 /* AddGoalViewController.swift */,
				91BC9CFF28A3B51A00E6EE26 /* AddGoalViewModel.swift */,
			);
			path = AddGoalScreen;
			sourceTree = "<group>";
		};
		91BC9D0128A3B53F00E6EE26 /* Helpers */ = {
			isa = PBXGroup;
			children = (
				9131FEF62975B69000DF140F /* AnimationsSystem */,
				91D4ABCA297AA96B00424531 /* Designables */,
				91BC9D0228A3B57600E6EE26 /* Protocols */,
				9141118C28B3EA0B00D3E26A /* UIColorHexer.swift */,
				9165491228B90AE10088D307 /* ColorPainter.swift */,
				9119C57F29817D8800CC5AD5 /* NotificationManager.swift */,
				9119C58329818F1A00CC5AD5 /* AlerView.swift */,
			);
			path = Helpers;
			sourceTree = "<group>";
		};
		91BC9D0228A3B57600E6EE26 /* Protocols */ = {
			isa = PBXGroup;
			children = (
				915641ED2976AEAE00684385 /* Updator.swift */,
			);
			path = Protocols;
			sourceTree = "<group>";
		};
		91D4ABCA297AA96B00424531 /* Designables */ = {
			isa = PBXGroup;
			children = (
				91AF1E102979BD1C00D90A15 /* Gradient.swift */,
				91D4ABC6297AA91200424531 /* RoudedButton.swift */,
				91D4ABC8297AA95F00424531 /* RoudedView.swift */,
			);
			path = Designables;
			sourceTree = "<group>";
		};
		91D4ABCD297ABD2C00424531 /* SkillTreeScreen */ = {
			isa = PBXGroup;
			children = (
				91D4ABCE297ABD4100424531 /* SkillTreeViewController.swift */,
				91D4ABD0297ABD6F00424531 /* SkillTreeViewModel.swift */,
				91D4ABD4297AD77E00424531 /* SkillCell.swift */,
			);
			path = SkillTreeScreen;
			sourceTree = "<group>";
		};
		91FF10A728A1A0F8006339AC /* Features */ = {
			isa = PBXGroup;
			children = (
				9153CDC129896E5900DBC473 /* StatisticsScreen */,
				9119C57C297EBD0000CC5AD5 /* CoreDataSystems */,
				9119C573297D8B0200CC5AD5 /* CreateSkillScreen */,
				911EFB30297AF17E004E40B2 /* ShopScreen */,
				91D4ABCD297ABD2C00424531 /* SkillTreeScreen */,
				9193FC9328E86B2C00D651E9 /* LevelUpSystem */,
				91BC9CFC28A3AC2800E6EE26 /* AddGoalScreen */,
				91FF10A828A1A10D006339AC /* HomeScreen */,
			);
			path = Features;
			sourceTree = "<group>";
		};
		91FF10A828A1A10D006339AC /* HomeScreen */ = {
			isa = PBXGroup;
			children = (
				6363A4CE289EC00300DA2356 /* HomeScreenViewController.swift */,
				6363A50028A0586600DA2356 /* HomeScreenViewModel.swift */,
				9165491428B90DBE0088D307 /* Cells */,
			);
			path = HomeScreen;
			sourceTree = "<group>";
		};
		91FF10A928A1A135006339AC /* Delegates */ = {
			isa = PBXGroup;
			children = (
				6363A4CA289EC00300DA2356 /* AppDelegate.swift */,
			);
			path = Delegates;
			sourceTree = "<group>";
		};
		91FF10AC28A1A197006339AC /* Storyboards */ = {
			isa = PBXGroup;
			children = (
				91AF1E0F2979A72F00D90A15 /* LaunchScreen */,
				6363A4D0289EC00300DA2356 /* Main.storyboard */,
			);
			path = Storyboards;
			sourceTree = "<group>";
		};
		91FF10AD28A1A1C0006339AC /* Assets */ = {
			isa = PBXGroup;
			children = (
				6363A4D6289EC00400DA2356 /* Assets.xcassets */,
			);
			path = Assets;
			sourceTree = "<group>";
		};
		91FF10AE28A1A1CD006339AC /* Plist */ = {
			isa = PBXGroup;
			children = (
				91FF10B128A1AA22006339AC /* Info.plist */,
			);
			name = Plist;
			path = Plist/Base.lproj;
			sourceTree = "<group>";
		};
		91FF10AF28A1A1DF006339AC /* CoreData */ = {
			isa = PBXGroup;
			children = (
				6363A4D3289EC00300DA2356 /* Simple.xcdatamodeld */,
			);
			path = CoreData;
			sourceTree = "<group>";
		};
/* End PBXGroup section */

/* Begin PBXNativeTarget section */
		6363A4C6289EC00300DA2356 /* Simple */ = {
			isa = PBXNativeTarget;
			buildConfigurationList = 6363A4F4289EC00400DA2356 /* Build configuration list for PBXNativeTarget "Simple" */;
			buildPhases = (
				6363A4C3289EC00300DA2356 /* Sources */,
				6363A4C4289EC00300DA2356 /* Frameworks */,
				6363A4C5289EC00300DA2356 /* Resources */,
			);
			buildRules = (
			);
			dependencies = (
			);
			name = Simple;
			productName = Simple;
			productReference = 6363A4C7289EC00300DA2356 /* Simple.app */;
			productType = "com.apple.product-type.application";
		};
		6363A4DF289EC00400DA2356 /* SimpleTests */ = {
			isa = PBXNativeTarget;
			buildConfigurationList = 6363A4F7289EC00400DA2356 /* Build configuration list for PBXNativeTarget "SimpleTests" */;
			buildPhases = (
				6363A4DC289EC00400DA2356 /* Sources */,
				6363A4DD289EC00400DA2356 /* Frameworks */,
				6363A4DE289EC00400DA2356 /* Resources */,
			);
			buildRules = (
			);
			dependencies = (
				6363A4E2289EC00400DA2356 /* PBXTargetDependency */,
			);
			name = SimpleTests;
			productName = SimpleTests;
			productReference = 6363A4E0289EC00400DA2356 /* SimpleTests.xctest */;
			productType = "com.apple.product-type.bundle.unit-test";
		};
		6363A4EA289EC00400DA2356 /* SimpleUITests */ = {
			isa = PBXNativeTarget;
			buildConfigurationList = 6363A4FA289EC00400DA2356 /* Build configuration list for PBXNativeTarget "SimpleUITests" */;
			buildPhases = (
				6363A4E7289EC00400DA2356 /* Sources */,
				6363A4E8289EC00400DA2356 /* Frameworks */,
				6363A4E9289EC00400DA2356 /* Resources */,
			);
			buildRules = (
			);
			dependencies = (
				6363A4ED289EC00400DA2356 /* PBXTargetDependency */,
			);
			name = SimpleUITests;
			productName = SimpleUITests;
			productReference = 6363A4EB289EC00400DA2356 /* SimpleUITests.xctest */;
			productType = "com.apple.product-type.bundle.ui-testing";
		};
/* End PBXNativeTarget section */

/* Begin PBXProject section */
		6363A4BF289EC00300DA2356 /* Project object */ = {
			isa = PBXProject;
			attributes = {
				LastSwiftUpdateCheck = 1250;
				LastUpgradeCheck = 1250;
				TargetAttributes = {
					6363A4C6289EC00300DA2356 = {
						CreatedOnToolsVersion = 12.5.1;
					};
					6363A4DF289EC00400DA2356 = {
						CreatedOnToolsVersion = 12.5.1;
						TestTargetID = 6363A4C6289EC00300DA2356;
					};
					6363A4EA289EC00400DA2356 = {
						CreatedOnToolsVersion = 12.5.1;
						TestTargetID = 6363A4C6289EC00300DA2356;
					};
				};
			};
			buildConfigurationList = 6363A4C2289EC00300DA2356 /* Build configuration list for PBXProject "Simple" */;
			compatibilityVersion = "Xcode 9.3";
			developmentRegion = en;
			hasScannedForEncodings = 0;
			knownRegions = (
				en,
				Base,
			);
			mainGroup = 6363A4BE289EC00300DA2356;
			productRefGroup = 6363A4C8289EC00300DA2356 /* Products */;
			projectDirPath = "";
			projectRoot = "";
			targets = (
				6363A4C6289EC00300DA2356 /* Simple */,
				6363A4DF289EC00400DA2356 /* SimpleTests */,
				6363A4EA289EC00400DA2356 /* SimpleUITests */,
			);
		};
/* End PBXProject section */

/* Begin PBXResourcesBuildPhase section */
		6363A4C5289EC00300DA2356 /* Resources */ = {
			isa = PBXResourcesBuildPhase;
			buildActionMask = 2147483647;
			files = (
				9131FEF12971A19C00DF140F /* Fireworks.mp3 in Resources */,
				91CD70F228A1AB160040BC2E /* Info.plist in Resources */,
				9131FEF42971A3A900DF140F /* success.mp3 in Resources */,
				6363A4DA289EC00400DA2356 /* LaunchScreen.storyboard in Resources */,
				6363A4D7289EC00400DA2356 /* Assets.xcassets in Resources */,
				9131FEF52971A3A900DF140F /* fanfare.mp3 in Resources */,
				6363A4D2289EC00300DA2356 /* Main.storyboard in Resources */,
			);
			runOnlyForDeploymentPostprocessing = 0;
		};
		6363A4DE289EC00400DA2356 /* Resources */ = {
			isa = PBXResourcesBuildPhase;
			buildActionMask = 2147483647;
			files = (
			);
			runOnlyForDeploymentPostprocessing = 0;
		};
		6363A4E9289EC00400DA2356 /* Resources */ = {
			isa = PBXResourcesBuildPhase;
			buildActionMask = 2147483647;
			files = (
			);
			runOnlyForDeploymentPostprocessing = 0;
		};
/* End PBXResourcesBuildPhase section */

/* Begin PBXSourcesBuildPhase section */
		6363A4C3289EC00300DA2356 /* Sources */ = {
			isa = PBXSourcesBuildPhase;
			buildActionMask = 2147483647;
			files = (
				91BC9CFE28A3AC4300E6EE26 /* AddGoalViewController.swift in Sources */,
				9193FC9528E86B3F00D651E9 /* LevelUp.swift in Sources */,
				9119C57B297EBCF900CC5AD5 /* CoreDataSystem.swift in Sources */,
				91D4ABCF297ABD4100424531 /* SkillTreeViewController.swift in Sources */,
				91BC9D0028A3B51A00E6EE26 /* AddGoalViewModel.swift in Sources */,
				9119C570297AFF1F00CC5AD5 /* Coins.swift in Sources */,
				9119C579297EABE800CC5AD5 /* LevelUpSkill.swift in Sources */,
				9119C57E297EDF8B00CC5AD5 /* GlobalLevelUpSystem.swift in Sources */,
				9153CDC529896EFA00DBC473 /* StatisticsViewModel.swift in Sources */,
				9119C5822981846200CC5AD5 /* TimerSystem.swift in Sources */,
				6363A4CF289EC00300DA2356 /* HomeScreenViewController.swift in Sources */,
				91D4ABC9297AA95F00424531 /* RoudedView.swift in Sources */,
				91D4ABCC297AB81B00424531 /* SkillPoints.swift in Sources */,
				91D4ABD3297AC28A00424531 /* Skills.swift in Sources */,
				9165491628B915070088D307 /* TaskCell.swift in Sources */,
				9119C572297B011100CC5AD5 /* Item.swift in Sources */,
				9153CDC329896E7700DBC473 /* StatisticsViewController.swift in Sources */,
				6363A4D5289EC00300DA2356 /* Simple.xcdatamodeld in Sources */,
				9119C58029817D8800CC5AD5 /* NotificationManager.swift in Sources */,
				911EFB32297AF192004E40B2 /* ShopScreenViewController.swift in Sources */,
				91FF10AB28A1A15F006339AC /* CoordinatorProtocol.swift in Sources */,
				9131FEF82975B6AF00DF140F /* FireworkAnimation.swift in Sources */,
				9141118D28B3EA0B00D3E26A /* UIColorHexer.swift in Sources */,
				9119C575297D8B1A00CC5AD5 /* CreateSkillViewController.swift in Sources */,
				91E28BC429781B1C00AFD046 /* AvailableTasks.swift in Sources */,
				6363A4FF289F0E4300DA2356 /* AppCoordinator.swift in Sources */,
				91D4ABC7297AA91200424531 /* RoudedButton.swift in Sources */,
				915641EE2976AEAE00684385 /* Updator.swift in Sources */,
				9119C577297D8B3D00CC5AD5 /* CreateSkillViewModel.swift in Sources */,
				6363A4CB289EC00300DA2356 /* AppDelegate.swift in Sources */,
				911EFB34297AF1A1004E40B2 /* ShopViewModel.swift in Sources */,
				91D4ABD1297ABD6F00424531 /* SkillTreeViewModel.swift in Sources */,
				91D4ABD5297AD77E00424531 /* SkillCell.swift in Sources */,
				9119C58429818F1A00CC5AD5 /* AlerView.swift in Sources */,
				6363A50128A0586600DA2356 /* HomeScreenViewModel.swift in Sources */,
				9165491328B90AE10088D307 /* ColorPainter.swift in Sources */,
				91AF1E112979BD1C00D90A15 /* Gradient.swift in Sources */,
			);
			runOnlyForDeploymentPostprocessing = 0;
		};
		6363A4DC289EC00400DA2356 /* Sources */ = {
			isa = PBXSourcesBuildPhase;
			buildActionMask = 2147483647;
			files = (
				6363A4E5289EC00400DA2356 /* LevelUpTests.swift in Sources */,
				91A9EA22298978AD00591307 /* StatisticsTests.swift in Sources */,
				9131FEEE29707A3F00DF140F /* HomeScreenViewControllerTests.swift in Sources */,
			);
			runOnlyForDeploymentPostprocessing = 0;
		};
		6363A4E7289EC00400DA2356 /* Sources */ = {
			isa = PBXSourcesBuildPhase;
			buildActionMask = 2147483647;
			files = (
				6363A4F0289EC00400DA2356 /* SimpleUITests.swift in Sources */,
			);
			runOnlyForDeploymentPostprocessing = 0;
		};
/* End PBXSourcesBuildPhase section */

/* Begin PBXTargetDependency section */
		6363A4E2289EC00400DA2356 /* PBXTargetDependency */ = {
			isa = PBXTargetDependency;
			target = 6363A4C6289EC00300DA2356 /* Simple */;
			targetProxy = 6363A4E1289EC00400DA2356 /* PBXContainerItemProxy */;
		};
		6363A4ED289EC00400DA2356 /* PBXTargetDependency */ = {
			isa = PBXTargetDependency;
			target = 6363A4C6289EC00300DA2356 /* Simple */;
			targetProxy = 6363A4EC289EC00400DA2356 /* PBXContainerItemProxy */;
		};
/* End PBXTargetDependency section */

/* Begin PBXVariantGroup section */
		6363A4D0289EC00300DA2356 /* Main.storyboard */ = {
			isa = PBXVariantGroup;
			children = (
				6363A4D1289EC00300DA2356 /* Base */,
			);
			name = Main.storyboard;
			sourceTree = "<group>";
		};
		6363A4D8289EC00400DA2356 /* LaunchScreen.storyboard */ = {
			isa = PBXVariantGroup;
			children = (
				6363A4D9289EC00400DA2356 /* Base */,
			);
			name = LaunchScreen.storyboard;
			sourceTree = "<group>";
		};
		91FF10B128A1AA22006339AC /* Info.plist */ = {
			isa = PBXVariantGroup;
			children = (
				91FF10B028A1AA22006339AC /* Base */,
			);
			name = Info.plist;
			path = ..;
			sourceTree = "<group>";
		};
/* End PBXVariantGroup section */

/* Begin XCBuildConfiguration section */
		6363A4F2289EC00400DA2356 /* Debug */ = {
			isa = XCBuildConfiguration;
			buildSettings = {
				ALWAYS_SEARCH_USER_PATHS = NO;
				CLANG_ANALYZER_NONNULL = YES;
				CLANG_ANALYZER_NUMBER_OBJECT_CONVERSION = YES_AGGRESSIVE;
				CLANG_CXX_LANGUAGE_STANDARD = "gnu++14";
				CLANG_CXX_LIBRARY = "libc++";
				CLANG_ENABLE_MODULES = YES;
				CLANG_ENABLE_OBJC_ARC = YES;
				CLANG_ENABLE_OBJC_WEAK = YES;
				CLANG_WARN_BLOCK_CAPTURE_AUTORELEASING = YES;
				CLANG_WARN_BOOL_CONVERSION = YES;
				CLANG_WARN_COMMA = YES;
				CLANG_WARN_CONSTANT_CONVERSION = YES;
				CLANG_WARN_DEPRECATED_OBJC_IMPLEMENTATIONS = YES;
				CLANG_WARN_DIRECT_OBJC_ISA_USAGE = YES_ERROR;
				CLANG_WARN_DOCUMENTATION_COMMENTS = YES;
				CLANG_WARN_EMPTY_BODY = YES;
				CLANG_WARN_ENUM_CONVERSION = YES;
				CLANG_WARN_INFINITE_RECURSION = YES;
				CLANG_WARN_INT_CONVERSION = YES;
				CLANG_WARN_NON_LITERAL_NULL_CONVERSION = YES;
				CLANG_WARN_OBJC_IMPLICIT_RETAIN_SELF = YES;
				CLANG_WARN_OBJC_LITERAL_CONVERSION = YES;
				CLANG_WARN_OBJC_ROOT_CLASS = YES_ERROR;
				CLANG_WARN_QUOTED_INCLUDE_IN_FRAMEWORK_HEADER = YES;
				CLANG_WARN_RANGE_LOOP_ANALYSIS = YES;
				CLANG_WARN_STRICT_PROTOTYPES = YES;
				CLANG_WARN_SUSPICIOUS_MOVE = YES;
				CLANG_WARN_UNGUARDED_AVAILABILITY = YES_AGGRESSIVE;
				CLANG_WARN_UNREACHABLE_CODE = YES;
				CLANG_WARN__DUPLICATE_METHOD_MATCH = YES;
				COPY_PHASE_STRIP = NO;
				DEBUG_INFORMATION_FORMAT = dwarf;
				ENABLE_STRICT_OBJC_MSGSEND = YES;
				ENABLE_TESTABILITY = YES;
				GCC_C_LANGUAGE_STANDARD = gnu11;
				GCC_DYNAMIC_NO_PIC = NO;
				GCC_NO_COMMON_BLOCKS = YES;
				GCC_OPTIMIZATION_LEVEL = 0;
				GCC_PREPROCESSOR_DEFINITIONS = (
					"DEBUG=1",
					"$(inherited)",
				);
				GCC_WARN_64_TO_32_BIT_CONVERSION = YES;
				GCC_WARN_ABOUT_RETURN_TYPE = YES_ERROR;
				GCC_WARN_UNDECLARED_SELECTOR = YES;
				GCC_WARN_UNINITIALIZED_AUTOS = YES_AGGRESSIVE;
				GCC_WARN_UNUSED_FUNCTION = YES;
				GCC_WARN_UNUSED_VARIABLE = YES;
				IPHONEOS_DEPLOYMENT_TARGET = 12.0;
				MTL_ENABLE_DEBUG_INFO = INCLUDE_SOURCE;
				MTL_FAST_MATH = YES;
				ONLY_ACTIVE_ARCH = YES;
				SDKROOT = iphoneos;
				SWIFT_ACTIVE_COMPILATION_CONDITIONS = DEBUG;
				SWIFT_OPTIMIZATION_LEVEL = "-Onone";
			};
			name = Debug;
		};
		6363A4F3289EC00400DA2356 /* Release */ = {
			isa = XCBuildConfiguration;
			buildSettings = {
				ALWAYS_SEARCH_USER_PATHS = NO;
				CLANG_ANALYZER_NONNULL = YES;
				CLANG_ANALYZER_NUMBER_OBJECT_CONVERSION = YES_AGGRESSIVE;
				CLANG_CXX_LANGUAGE_STANDARD = "gnu++14";
				CLANG_CXX_LIBRARY = "libc++";
				CLANG_ENABLE_MODULES = YES;
				CLANG_ENABLE_OBJC_ARC = YES;
				CLANG_ENABLE_OBJC_WEAK = YES;
				CLANG_WARN_BLOCK_CAPTURE_AUTORELEASING = YES;
				CLANG_WARN_BOOL_CONVERSION = YES;
				CLANG_WARN_COMMA = YES;
				CLANG_WARN_CONSTANT_CONVERSION = YES;
				CLANG_WARN_DEPRECATED_OBJC_IMPLEMENTATIONS = YES;
				CLANG_WARN_DIRECT_OBJC_ISA_USAGE = YES_ERROR;
				CLANG_WARN_DOCUMENTATION_COMMENTS = YES;
				CLANG_WARN_EMPTY_BODY = YES;
				CLANG_WARN_ENUM_CONVERSION = YES;
				CLANG_WARN_INFINITE_RECURSION = YES;
				CLANG_WARN_INT_CONVERSION = YES;
				CLANG_WARN_NON_LITERAL_NULL_CONVERSION = YES;
				CLANG_WARN_OBJC_IMPLICIT_RETAIN_SELF = YES;
				CLANG_WARN_OBJC_LITERAL_CONVERSION = YES;
				CLANG_WARN_OBJC_ROOT_CLASS = YES_ERROR;
				CLANG_WARN_QUOTED_INCLUDE_IN_FRAMEWORK_HEADER = YES;
				CLANG_WARN_RANGE_LOOP_ANALYSIS = YES;
				CLANG_WARN_STRICT_PROTOTYPES = YES;
				CLANG_WARN_SUSPICIOUS_MOVE = YES;
				CLANG_WARN_UNGUARDED_AVAILABILITY = YES_AGGRESSIVE;
				CLANG_WARN_UNREACHABLE_CODE = YES;
				CLANG_WARN__DUPLICATE_METHOD_MATCH = YES;
				COPY_PHASE_STRIP = NO;
				DEBUG_INFORMATION_FORMAT = "dwarf-with-dsym";
				ENABLE_NS_ASSERTIONS = NO;
				ENABLE_STRICT_OBJC_MSGSEND = YES;
				GCC_C_LANGUAGE_STANDARD = gnu11;
				GCC_NO_COMMON_BLOCKS = YES;
				GCC_WARN_64_TO_32_BIT_CONVERSION = YES;
				GCC_WARN_ABOUT_RETURN_TYPE = YES_ERROR;
				GCC_WARN_UNDECLARED_SELECTOR = YES;
				GCC_WARN_UNINITIALIZED_AUTOS = YES_AGGRESSIVE;
				GCC_WARN_UNUSED_FUNCTION = YES;
				GCC_WARN_UNUSED_VARIABLE = YES;
				IPHONEOS_DEPLOYMENT_TARGET = 12.0;
				MTL_ENABLE_DEBUG_INFO = NO;
				MTL_FAST_MATH = YES;
				SDKROOT = iphoneos;
				SWIFT_COMPILATION_MODE = wholemodule;
				SWIFT_OPTIMIZATION_LEVEL = "-O";
				VALIDATE_PRODUCT = YES;
			};
			name = Release;
		};
		6363A4F5289EC00400DA2356 /* Debug */ = {
			isa = XCBuildConfiguration;
			buildSettings = {
				ASSETCATALOG_COMPILER_APPICON_NAME = AppIcon;
				ASSETCATALOG_COMPILER_GLOBAL_ACCENT_COLOR_NAME = AccentColor;
				CODE_SIGN_STYLE = Automatic;
				DEVELOPMENT_TEAM = C849J6K43N;
				INFOPLIST_FILE = "$(SRCROOT)/SimpleTests/Info.plist";
				IPHONEOS_DEPLOYMENT_TARGET = 13.0;
				LD_RUNPATH_SEARCH_PATHS = (
					"$(inherited)",
					"@executable_path/Frameworks",
				);
				PRODUCT_BUNDLE_IDENTIFIER = com.RasSmolen.Simple;
				PRODUCT_NAME = "$(TARGET_NAME)";
				SWIFT_VERSION = 5.0;
				TARGETED_DEVICE_FAMILY = "1,2";
			};
			name = Debug;
		};
		6363A4F6289EC00400DA2356 /* Release */ = {
			isa = XCBuildConfiguration;
			buildSettings = {
				ASSETCATALOG_COMPILER_APPICON_NAME = AppIcon;
				ASSETCATALOG_COMPILER_GLOBAL_ACCENT_COLOR_NAME = AccentColor;
				CODE_SIGN_STYLE = Automatic;
				DEVELOPMENT_TEAM = C849J6K43N;
				INFOPLIST_FILE = "$(SRCROOT)/SimpleTests/Info.plist";
				IPHONEOS_DEPLOYMENT_TARGET = 13.0;
				LD_RUNPATH_SEARCH_PATHS = (
					"$(inherited)",
					"@executable_path/Frameworks",
				);
				PRODUCT_BUNDLE_IDENTIFIER = com.RasSmolen.Simple;
				PRODUCT_NAME = "$(TARGET_NAME)";
				SWIFT_VERSION = 5.0;
				TARGETED_DEVICE_FAMILY = "1,2";
			};
			name = Release;
		};
		6363A4F8289EC00400DA2356 /* Debug */ = {
			isa = XCBuildConfiguration;
			buildSettings = {
				ALWAYS_EMBED_SWIFT_STANDARD_LIBRARIES = YES;
				BUNDLE_LOADER = "$(TEST_HOST)";
				CODE_SIGN_STYLE = Automatic;
				DEVELOPMENT_TEAM = C849J6K43N;
				INFOPLIST_FILE = SimpleTests/Info.plist;
				IPHONEOS_DEPLOYMENT_TARGET = 14.5;
				LD_RUNPATH_SEARCH_PATHS = (
					"$(inherited)",
					"@executable_path/Frameworks",
					"@loader_path/Frameworks",
				);
				PRODUCT_BUNDLE_IDENTIFIER = com.RasSmolen.SimpleTests;
				PRODUCT_NAME = "$(TARGET_NAME)";
				SWIFT_VERSION = 5.0;
				TARGETED_DEVICE_FAMILY = "1,2";
				TEST_HOST = "$(BUILT_PRODUCTS_DIR)/Simple.app/Simple";
			};
			name = Debug;
		};
		6363A4F9289EC00400DA2356 /* Release */ = {
			isa = XCBuildConfiguration;
			buildSettings = {
				ALWAYS_EMBED_SWIFT_STANDARD_LIBRARIES = YES;
				BUNDLE_LOADER = "$(TEST_HOST)";
				CODE_SIGN_STYLE = Automatic;
				DEVELOPMENT_TEAM = C849J6K43N;
				INFOPLIST_FILE = SimpleTests/Info.plist;
				IPHONEOS_DEPLOYMENT_TARGET = 14.5;
				LD_RUNPATH_SEARCH_PATHS = (
					"$(inherited)",
					"@executable_path/Frameworks",
					"@loader_path/Frameworks",
				);
				PRODUCT_BUNDLE_IDENTIFIER = com.RasSmolen.SimpleTests;
				PRODUCT_NAME = "$(TARGET_NAME)";
				SWIFT_VERSION = 5.0;
				TARGETED_DEVICE_FAMILY = "1,2";
				TEST_HOST = "$(BUILT_PRODUCTS_DIR)/Simple.app/Simple";
			};
			name = Release;
		};
		6363A4FB289EC00400DA2356 /* Debug */ = {
			isa = XCBuildConfiguration;
			buildSettings = {
				ALWAYS_EMBED_SWIFT_STANDARD_LIBRARIES = YES;
				CODE_SIGN_STYLE = Automatic;
				DEVELOPMENT_TEAM = C849J6K43N;
				INFOPLIST_FILE = SimpleUITests/Info.plist;
				LD_RUNPATH_SEARCH_PATHS = (
					"$(inherited)",
					"@executable_path/Frameworks",
					"@loader_path/Frameworks",
				);
				PRODUCT_BUNDLE_IDENTIFIER = com.RasSmolen.SimpleUITests;
				PRODUCT_NAME = "$(TARGET_NAME)";
				SWIFT_VERSION = 5.0;
				TARGETED_DEVICE_FAMILY = "1,2";
				TEST_TARGET_NAME = Simple;
			};
			name = Debug;
		};
		6363A4FC289EC00400DA2356 /* Release */ = {
			isa = XCBuildConfiguration;
			buildSettings = {
				ALWAYS_EMBED_SWIFT_STANDARD_LIBRARIES = YES;
				CODE_SIGN_STYLE = Automatic;
				DEVELOPMENT_TEAM = C849J6K43N;
				INFOPLIST_FILE = SimpleUITests/Info.plist;
				LD_RUNPATH_SEARCH_PATHS = (
					"$(inherited)",
					"@executable_path/Frameworks",
					"@loader_path/Frameworks",
				);
				PRODUCT_BUNDLE_IDENTIFIER = com.RasSmolen.SimpleUITests;
				PRODUCT_NAME = "$(TARGET_NAME)";
				SWIFT_VERSION = 5.0;
				TARGETED_DEVICE_FAMILY = "1,2";
				TEST_TARGET_NAME = Simple;
			};
			name = Release;
		};
/* End XCBuildConfiguration section */

/* Begin XCConfigurationList section */
		6363A4C2289EC00300DA2356 /* Build configuration list for PBXProject "Simple" */ = {
			isa = XCConfigurationList;
			buildConfigurations = (
				6363A4F2289EC00400DA2356 /* Debug */,
				6363A4F3289EC00400DA2356 /* Release */,
			);
			defaultConfigurationIsVisible = 0;
			defaultConfigurationName = Release;
		};
		6363A4F4289EC00400DA2356 /* Build configuration list for PBXNativeTarget "Simple" */ = {
			isa = XCConfigurationList;
			buildConfigurations = (
				6363A4F5289EC00400DA2356 /* Debug */,
				6363A4F6289EC00400DA2356 /* Release */,
			);
			defaultConfigurationIsVisible = 0;
			defaultConfigurationName = Release;
		};
		6363A4F7289EC00400DA2356 /* Build configuration list for PBXNativeTarget "SimpleTests" */ = {
			isa = XCConfigurationList;
			buildConfigurations = (
				6363A4F8289EC00400DA2356 /* Debug */,
				6363A4F9289EC00400DA2356 /* Release */,
			);
			defaultConfigurationIsVisible = 0;
			defaultConfigurationName = Release;
		};
		6363A4FA289EC00400DA2356 /* Build configuration list for PBXNativeTarget "SimpleUITests" */ = {
			isa = XCConfigurationList;
			buildConfigurations = (
				6363A4FB289EC00400DA2356 /* Debug */,
				6363A4FC289EC00400DA2356 /* Release */,
			);
			defaultConfigurationIsVisible = 0;
			defaultConfigurationName = Release;
		};
/* End XCConfigurationList section */

/* Begin XCVersionGroup section */
		6363A4D3289EC00300DA2356 /* Simple.xcdatamodeld */ = {
			isa = XCVersionGroup;
			children = (
				6363A4D4289EC00300DA2356 /* Simple.xcdatamodel */,
			);
			currentVersion = 6363A4D4289EC00300DA2356 /* Simple.xcdatamodel */;
			path = Simple.xcdatamodeld;
			sourceTree = "<group>";
			versionGroupType = wrapper.xcdatamodel;
		};
/* End XCVersionGroup section */
	};
	rootObject = 6363A4BF289EC00300DA2356 /* Project object */;
}
